// !$*UTF8*$!
{
	archiveVersion = 1;
	classes = {
	};
	objectVersion = 46;
	objects = {

/* Begin PBXBuildFile section */
		C29BE6CA1CF8A7E90086471C /* Plan.m in Sources */ = {isa = PBXBuildFile; fileRef = C29BE6C91CF8A7E90086471C /* Plan.m */; };
		C29BE6CE1CF8A8B70086471C /* UpsellPlanItemTableViewCell.m in Sources */ = {isa = PBXBuildFile; fileRef = C29BE6CC1CF8A8B70086471C /* UpsellPlanItemTableViewCell.m */; };
		C29BE6CF1CF8A8B70086471C /* UpsellPlanItemTableViewCell.xib in Resources */ = {isa = PBXBuildFile; fileRef = C29BE6CD1CF8A8B70086471C /* UpsellPlanItemTableViewCell.xib */; };
		C29BE6D21CF8E7FA0086471C /* ITSPlanDataSource.m in Sources */ = {isa = PBXBuildFile; fileRef = C29BE6D01CF8E7FA0086471C /* ITSPlanDataSource.m */; };
		C2ACEB041CF67E33005E72DC /* ITSAlert.m in Sources */ = {isa = PBXBuildFile; fileRef = C2ACEB031CF67E33005E72DC /* ITSAlert.m */; };
		C2ACEB061CF7DE9D005E72DC /* ITSItsOnTheme.plist in Resources */ = {isa = PBXBuildFile; fileRef = C2ACEB051CF7DE9D005E72DC /* ITSItsOnTheme.plist */; };
		C2ACEB0B1CF7E0BD005E72DC /* ITSMTNTheme.plist in Resources */ = {isa = PBXBuildFile; fileRef = C2ACEB071CF7E0BD005E72DC /* ITSMTNTheme.plist */; };
		C2ACEB0C1CF7E0BD005E72DC /* ITSSapphireTheme.plist in Resources */ = {isa = PBXBuildFile; fileRef = C2ACEB081CF7E0BD005E72DC /* ITSSapphireTheme.plist */; };
		C2ACEB0D1CF7E0BD005E72DC /* ITSSprintTheme.plist in Resources */ = {isa = PBXBuildFile; fileRef = C2ACEB091CF7E0BD005E72DC /* ITSSprintTheme.plist */; };
		C2ACEB0E1CF7E0BD005E72DC /* ITSTelefonicaTheme.plist in Resources */ = {isa = PBXBuildFile; fileRef = C2ACEB0A1CF7E0BD005E72DC /* ITSTelefonicaTheme.plist */; };
		C2D986FF1CF3BC3F00A7CBAA /* main.m in Sources */ = {isa = PBXBuildFile; fileRef = C2D986FE1CF3BC3F00A7CBAA /* main.m */; };
		C2D987021CF3BC3F00A7CBAA /* AppDelegate.m in Sources */ = {isa = PBXBuildFile; fileRef = C2D987011CF3BC3F00A7CBAA /* AppDelegate.m */; };
		C2D987051CF3BC3F00A7CBAA /* AlertViewStyleTVC.m in Sources */ = {isa = PBXBuildFile; fileRef = C2D987041CF3BC3F00A7CBAA /* AlertViewStyleTVC.m */; };
		C2D987081CF3BC3F00A7CBAA /* Main.storyboard in Resources */ = {isa = PBXBuildFile; fileRef = C2D987061CF3BC3F00A7CBAA /* Main.storyboard */; };
		C2D9870A1CF3BC3F00A7CBAA /* Assets.xcassets in Resources */ = {isa = PBXBuildFile; fileRef = C2D987091CF3BC3F00A7CBAA /* Assets.xcassets */; };
		C2D9870D1CF3BC3F00A7CBAA /* LaunchScreen.storyboard in Resources */ = {isa = PBXBuildFile; fileRef = C2D9870B1CF3BC3F00A7CBAA /* LaunchScreen.storyboard */; };
		C2D9871A1CF3BE3E00A7CBAA /* ITSCoreAlertView.m in Sources */ = {isa = PBXBuildFile; fileRef = C2D987191CF3BE3E00A7CBAA /* ITSCoreAlertView.m */; };
		C2D9871D1CF3DBC700A7CBAA /* ITSAlertViewBrandingManager.m in Sources */ = {isa = PBXBuildFile; fileRef = C2D9871C1CF3DBC700A7CBAA /* ITSAlertViewBrandingManager.m */; };
		C2D9871F1CF3ECF700A7CBAA /* ITSDefaultTheme.plist in Resources */ = {isa = PBXBuildFile; fileRef = C2D9871E1CF3ECF700A7CBAA /* ITSDefaultTheme.plist */; };
		C2D987221CF3FE9700A7CBAA /* UIColor+ITSAlertView.m in Sources */ = {isa = PBXBuildFile; fileRef = C2D987211CF3FE9700A7CBAA /* UIColor+ITSAlertView.m */; };
		C2D987251CF44EC900A7CBAA /* ITSButton.m in Sources */ = {isa = PBXBuildFile; fileRef = C2D987241CF44EC900A7CBAA /* ITSButton.m */; };
/* End PBXBuildFile section */

/* Begin PBXFileReference section */
		C29BE6C81CF8A7E90086471C /* Plan.h */ = {isa = PBXFileReference; fileEncoding = 4; lastKnownFileType = sourcecode.c.h; path = Plan.h; sourceTree = "<group>"; };
		C29BE6C91CF8A7E90086471C /* Plan.m */ = {isa = PBXFileReference; fileEncoding = 4; lastKnownFileType = sourcecode.c.objc; path = Plan.m; sourceTree = "<group>"; };
		C29BE6CB1CF8A8B70086471C /* UpsellPlanItemTableViewCell.h */ = {isa = PBXFileReference; fileEncoding = 4; lastKnownFileType = sourcecode.c.h; path = UpsellPlanItemTableViewCell.h; sourceTree = "<group>"; };
		C29BE6CC1CF8A8B70086471C /* UpsellPlanItemTableViewCell.m */ = {isa = PBXFileReference; fileEncoding = 4; lastKnownFileType = sourcecode.c.objc; path = UpsellPlanItemTableViewCell.m; sourceTree = "<group>"; };
		C29BE6CD1CF8A8B70086471C /* UpsellPlanItemTableViewCell.xib */ = {isa = PBXFileReference; fileEncoding = 4; lastKnownFileType = file.xib; path = UpsellPlanItemTableViewCell.xib; sourceTree = "<group>"; };
		C29BE6D01CF8E7FA0086471C /* ITSPlanDataSource.m */ = {isa = PBXFileReference; fileEncoding = 4; lastKnownFileType = sourcecode.c.objc; path = ITSPlanDataSource.m; sourceTree = "<group>"; };
		C29BE6D11CF8E7FA0086471C /* ITSPlanDataSource.h */ = {isa = PBXFileReference; fileEncoding = 4; lastKnownFileType = sourcecode.c.h; path = ITSPlanDataSource.h; sourceTree = "<group>"; };
		C2ACEB021CF67E33005E72DC /* ITSAlert.h */ = {isa = PBXFileReference; fileEncoding = 4; lastKnownFileType = sourcecode.c.h; path = ITSAlert.h; sourceTree = "<group>"; };
		C2ACEB031CF67E33005E72DC /* ITSAlert.m */ = {isa = PBXFileReference; fileEncoding = 4; lastKnownFileType = sourcecode.c.objc; path = ITSAlert.m; sourceTree = "<group>"; };
		C2ACEB051CF7DE9D005E72DC /* ITSItsOnTheme.plist */ = {isa = PBXFileReference; fileEncoding = 4; lastKnownFileType = text.plist.xml; path = ITSItsOnTheme.plist; sourceTree = "<group>"; };
		C2ACEB071CF7E0BD005E72DC /* ITSMTNTheme.plist */ = {isa = PBXFileReference; fileEncoding = 4; lastKnownFileType = text.plist.xml; path = ITSMTNTheme.plist; sourceTree = "<group>"; };
		C2ACEB081CF7E0BD005E72DC /* ITSSapphireTheme.plist */ = {isa = PBXFileReference; fileEncoding = 4; lastKnownFileType = text.plist.xml; path = ITSSapphireTheme.plist; sourceTree = "<group>"; };
		C2ACEB091CF7E0BD005E72DC /* ITSSprintTheme.plist */ = {isa = PBXFileReference; fileEncoding = 4; lastKnownFileType = text.plist.xml; path = ITSSprintTheme.plist; sourceTree = "<group>"; };
		C2ACEB0A1CF7E0BD005E72DC /* ITSTelefonicaTheme.plist */ = {isa = PBXFileReference; fileEncoding = 4; lastKnownFileType = text.plist.xml; path = ITSTelefonicaTheme.plist; sourceTree = "<group>"; };
		C2D986FA1CF3BC3F00A7CBAA /* ITSAlertView.app */ = {isa = PBXFileReference; explicitFileType = wrapper.application; includeInIndex = 0; path = ITSAlertView.app; sourceTree = BUILT_PRODUCTS_DIR; };
		C2D986FE1CF3BC3F00A7CBAA /* main.m */ = {isa = PBXFileReference; lastKnownFileType = sourcecode.c.objc; path = main.m; sourceTree = "<group>"; };
		C2D987001CF3BC3F00A7CBAA /* AppDelegate.h */ = {isa = PBXFileReference; lastKnownFileType = sourcecode.c.h; path = AppDelegate.h; sourceTree = "<group>"; };
		C2D987011CF3BC3F00A7CBAA /* AppDelegate.m */ = {isa = PBXFileReference; lastKnownFileType = sourcecode.c.objc; path = AppDelegate.m; sourceTree = "<group>"; };
		C2D987031CF3BC3F00A7CBAA /* AlertViewStyleTVC.h */ = {isa = PBXFileReference; lastKnownFileType = sourcecode.c.h; path = AlertViewStyleTVC.h; sourceTree = "<group>"; };
		C2D987041CF3BC3F00A7CBAA /* AlertViewStyleTVC.m */ = {isa = PBXFileReference; lastKnownFileType = sourcecode.c.objc; path = AlertViewStyleTVC.m; sourceTree = "<group>"; };
		C2D987071CF3BC3F00A7CBAA /* Base */ = {isa = PBXFileReference; lastKnownFileType = file.storyboard; name = Base; path = Base.lproj/Main.storyboard; sourceTree = "<group>"; };
		C2D987091CF3BC3F00A7CBAA /* Assets.xcassets */ = {isa = PBXFileReference; lastKnownFileType = folder.assetcatalog; path = Assets.xcassets; sourceTree = "<group>"; };
		C2D9870C1CF3BC3F00A7CBAA /* Base */ = {isa = PBXFileReference; lastKnownFileType = file.storyboard; name = Base; path = Base.lproj/LaunchScreen.storyboard; sourceTree = "<group>"; };
		C2D9870E1CF3BC3F00A7CBAA /* Info.plist */ = {isa = PBXFileReference; lastKnownFileType = text.plist.xml; path = Info.plist; sourceTree = "<group>"; };
		C2D987181CF3BE3E00A7CBAA /* ITSCoreAlertView.h */ = {isa = PBXFileReference; fileEncoding = 4; lastKnownFileType = sourcecode.c.h; path = ITSCoreAlertView.h; sourceTree = "<group>"; };
		C2D987191CF3BE3E00A7CBAA /* ITSCoreAlertView.m */ = {isa = PBXFileReference; fileEncoding = 4; lastKnownFileType = sourcecode.c.objc; path = ITSCoreAlertView.m; sourceTree = "<group>"; };
		C2D9871B1CF3DBC700A7CBAA /* ITSAlertViewBrandingManager.h */ = {isa = PBXFileReference; fileEncoding = 4; lastKnownFileType = sourcecode.c.h; path = ITSAlertViewBrandingManager.h; sourceTree = "<group>"; };
		C2D9871C1CF3DBC700A7CBAA /* ITSAlertViewBrandingManager.m */ = {isa = PBXFileReference; fileEncoding = 4; lastKnownFileType = sourcecode.c.objc; path = ITSAlertViewBrandingManager.m; sourceTree = "<group>"; };
		C2D9871E1CF3ECF700A7CBAA /* ITSDefaultTheme.plist */ = {isa = PBXFileReference; fileEncoding = 4; lastKnownFileType = text.plist.xml; path = ITSDefaultTheme.plist; sourceTree = "<group>"; };
		C2D987201CF3FE9700A7CBAA /* UIColor+ITSAlertView.h */ = {isa = PBXFileReference; fileEncoding = 4; lastKnownFileType = sourcecode.c.h; path = "UIColor+ITSAlertView.h"; sourceTree = "<group>"; };
		C2D987211CF3FE9700A7CBAA /* UIColor+ITSAlertView.m */ = {isa = PBXFileReference; fileEncoding = 4; lastKnownFileType = sourcecode.c.objc; path = "UIColor+ITSAlertView.m"; sourceTree = "<group>"; };
		C2D987231CF44EC900A7CBAA /* ITSButton.h */ = {isa = PBXFileReference; fileEncoding = 4; lastKnownFileType = sourcecode.c.h; path = ITSButton.h; sourceTree = "<group>"; };
		C2D987241CF44EC900A7CBAA /* ITSButton.m */ = {isa = PBXFileReference; fileEncoding = 4; lastKnownFileType = sourcecode.c.objc; path = ITSButton.m; sourceTree = "<group>"; };
/* End PBXFileReference section */

/* Begin PBXFrameworksBuildPhase section */
		C2D986F71CF3BC3F00A7CBAA /* Frameworks */ = {
			isa = PBXFrameworksBuildPhase;
			buildActionMask = 2147483647;
			files = (
			);
			runOnlyForDeploymentPostprocessing = 0;
		};
/* End PBXFrameworksBuildPhase section */

/* Begin PBXGroup section */
		C2D986F11CF3BC3F00A7CBAA = {
			isa = PBXGroup;
			children = (
				C2D986FC1CF3BC3F00A7CBAA /* ITSPopUpView */,
				C2D986FB1CF3BC3F00A7CBAA /* Products */,
			);
			sourceTree = "<group>";
		};
		C2D986FB1CF3BC3F00A7CBAA /* Products */ = {
			isa = PBXGroup;
			children = (
				C2D986FA1CF3BC3F00A7CBAA /* ITSAlertView.app */,
			);
			name = Products;
			sourceTree = "<group>";
		};
		C2D986FC1CF3BC3F00A7CBAA /* ITSPopUpView */ = {
			isa = PBXGroup;
			children = (
				C29BE6D11CF8E7FA0086471C /* ITSPlanDataSource.h */,
				C29BE6D01CF8E7FA0086471C /* ITSPlanDataSource.m */,
				C2D987171CF3BE3E00A7CBAA /* Lib */,
				C2D987001CF3BC3F00A7CBAA /* AppDelegate.h */,
				C2D987011CF3BC3F00A7CBAA /* AppDelegate.m */,
				C2D987031CF3BC3F00A7CBAA /* AlertViewStyleTVC.h */,
				C2D987041CF3BC3F00A7CBAA /* AlertViewStyleTVC.m */,
				C29BE6C81CF8A7E90086471C /* Plan.h */,
				C29BE6C91CF8A7E90086471C /* Plan.m */,
				C29BE6CB1CF8A8B70086471C /* UpsellPlanItemTableViewCell.h */,
				C29BE6CC1CF8A8B70086471C /* UpsellPlanItemTableViewCell.m */,
				C29BE6CD1CF8A8B70086471C /* UpsellPlanItemTableViewCell.xib */,
				C2D987061CF3BC3F00A7CBAA /* Main.storyboard */,
				C2D986FD1CF3BC3F00A7CBAA /* Supporting Files */,
			);
			path = ITSPopUpView;
			sourceTree = "<group>";
		};
		C2D986FD1CF3BC3F00A7CBAA /* Supporting Files */ = {
			isa = PBXGroup;
			children = (
				C2ACEB071CF7E0BD005E72DC /* ITSMTNTheme.plist */,
				C2ACEB081CF7E0BD005E72DC /* ITSSapphireTheme.plist */,
				C2ACEB091CF7E0BD005E72DC /* ITSSprintTheme.plist */,
				C2ACEB0A1CF7E0BD005E72DC /* ITSTelefonicaTheme.plist */,
				C2ACEB051CF7DE9D005E72DC /* ITSItsOnTheme.plist */,
				C2D9871E1CF3ECF700A7CBAA /* ITSDefaultTheme.plist */,
				C2D987091CF3BC3F00A7CBAA /* Assets.xcassets */,
				C2D9870B1CF3BC3F00A7CBAA /* LaunchScreen.storyboard */,
				C2D9870E1CF3BC3F00A7CBAA /* Info.plist */,
				C2D986FE1CF3BC3F00A7CBAA /* main.m */,
			);
			name = "Supporting Files";
			sourceTree = "<group>";
		};
		C2D987171CF3BE3E00A7CBAA /* Lib */ = {
			isa = PBXGroup;
			children = (
				C2D987181CF3BE3E00A7CBAA /* ITSCoreAlertView.h */,
				C2D987191CF3BE3E00A7CBAA /* ITSCoreAlertView.m */,
				C2D9871B1CF3DBC700A7CBAA /* ITSAlertViewBrandingManager.h */,
				C2D9871C1CF3DBC700A7CBAA /* ITSAlertViewBrandingManager.m */,
				C2D987201CF3FE9700A7CBAA /* UIColor+ITSAlertView.h */,
				C2D987211CF3FE9700A7CBAA /* UIColor+ITSAlertView.m */,
				C2D987231CF44EC900A7CBAA /* ITSButton.h */,
				C2D987241CF44EC900A7CBAA /* ITSButton.m */,
				C2ACEB021CF67E33005E72DC /* ITSAlert.h */,
				C2ACEB031CF67E33005E72DC /* ITSAlert.m */,
			);
			path = Lib;
			sourceTree = "<group>";
		};
/* End PBXGroup section */

/* Begin PBXNativeTarget section */
		C2D986F91CF3BC3F00A7CBAA /* ITSAlertView */ = {
			isa = PBXNativeTarget;
			buildConfigurationList = C2D987111CF3BC3F00A7CBAA /* Build configuration list for PBXNativeTarget "ITSAlertView" */;
			buildPhases = (
				C2D986F61CF3BC3F00A7CBAA /* Sources */,
				C2D986F71CF3BC3F00A7CBAA /* Frameworks */,
				C2D986F81CF3BC3F00A7CBAA /* Resources */,
			);
			buildRules = (
			);
			dependencies = (
			);
			name = ITSAlertView;
			productName = ITSPopUpView;
			productReference = C2D986FA1CF3BC3F00A7CBAA /* ITSAlertView.app */;
			productType = "com.apple.product-type.application";
		};
/* End PBXNativeTarget section */

/* Begin PBXProject section */
		C2D986F21CF3BC3F00A7CBAA /* Project object */ = {
			isa = PBXProject;
			attributes = {
				LastUpgradeCheck = 0720;
				ORGANIZATIONNAME = "Semicolon Design";
				TargetAttributes = {
					C2D986F91CF3BC3F00A7CBAA = {
						CreatedOnToolsVersion = 7.2;
						DevelopmentTeam = S2MCWJJ4R8;
					};
				};
			};
			buildConfigurationList = C2D986F51CF3BC3F00A7CBAA /* Build configuration list for PBXProject "ITSAlertView" */;
			compatibilityVersion = "Xcode 3.2";
			developmentRegion = English;
			hasScannedForEncodings = 0;
			knownRegions = (
				en,
				Base,
			);
			mainGroup = C2D986F11CF3BC3F00A7CBAA;
			productRefGroup = C2D986FB1CF3BC3F00A7CBAA /* Products */;
			projectDirPath = "";
			projectRoot = "";
			targets = (
				C2D986F91CF3BC3F00A7CBAA /* ITSAlertView */,
			);
		};
/* End PBXProject section */

/* Begin PBXResourcesBuildPhase section */
		C2D986F81CF3BC3F00A7CBAA /* Resources */ = {
			isa = PBXResourcesBuildPhase;
			buildActionMask = 2147483647;
			files = (
				C29BE6CF1CF8A8B70086471C /* UpsellPlanItemTableViewCell.xib in Resources */,
				C2ACEB061CF7DE9D005E72DC /* ITSItsOnTheme.plist in Resources */,
				C2ACEB0D1CF7E0BD005E72DC /* ITSSprintTheme.plist in Resources */,
				C2ACEB0B1CF7E0BD005E72DC /* ITSMTNTheme.plist in Resources */,
				C2D9871F1CF3ECF700A7CBAA /* ITSDefaultTheme.plist in Resources */,
				C2D9870D1CF3BC3F00A7CBAA /* LaunchScreen.storyboard in Resources */,
				C2D9870A1CF3BC3F00A7CBAA /* Assets.xcassets in Resources */,
				C2ACEB0C1CF7E0BD005E72DC /* ITSSapphireTheme.plist in Resources */,
				C2D987081CF3BC3F00A7CBAA /* Main.storyboard in Resources */,
				C2ACEB0E1CF7E0BD005E72DC /* ITSTelefonicaTheme.plist in Resources */,
			);
			runOnlyForDeploymentPostprocessing = 0;
		};
/* End PBXResourcesBuildPhase section */

/* Begin PBXSourcesBuildPhase section */
		C2D986F61CF3BC3F00A7CBAA /* Sources */ = {
			isa = PBXSourcesBuildPhase;
			buildActionMask = 2147483647;
			files = (
				C29BE6CA1CF8A7E90086471C /* Plan.m in Sources */,
				C2D9871A1CF3BE3E00A7CBAA /* ITSCoreAlertView.m in Sources */,
				C29BE6CE1CF8A8B70086471C /* UpsellPlanItemTableViewCell.m in Sources */,
				C29BE6D21CF8E7FA0086471C /* ITSPlanDataSource.m in Sources */,
				C2D987251CF44EC900A7CBAA /* ITSButton.m in Sources */,
				C2D987051CF3BC3F00A7CBAA /* AlertViewStyleTVC.m in Sources */,
				C2D9871D1CF3DBC700A7CBAA /* ITSAlertViewBrandingManager.m in Sources */,
				C2ACEB041CF67E33005E72DC /* ITSAlert.m in Sources */,
				C2D987021CF3BC3F00A7CBAA /* AppDelegate.m in Sources */,
				C2D986FF1CF3BC3F00A7CBAA /* main.m in Sources */,
				C2D987221CF3FE9700A7CBAA /* UIColor+ITSAlertView.m in Sources */,
			);
			runOnlyForDeploymentPostprocessing = 0;
		};
/* End PBXSourcesBuildPhase section */

/* Begin PBXVariantGroup section */
		C2D987061CF3BC3F00A7CBAA /* Main.storyboard */ = {
			isa = PBXVariantGroup;
			children = (
				C2D987071CF3BC3F00A7CBAA /* Base */,
			);
			name = Main.storyboard;
			sourceTree = "<group>";
		};
		C2D9870B1CF3BC3F00A7CBAA /* LaunchScreen.storyboard */ = {
			isa = PBXVariantGroup;
			children = (
				C2D9870C1CF3BC3F00A7CBAA /* Base */,
			);
			name = LaunchScreen.storyboard;
			sourceTree = "<group>";
		};
/* End PBXVariantGroup section */

/* Begin XCBuildConfiguration section */
		C2D9870F1CF3BC3F00A7CBAA /* Debug */ = {
			isa = XCBuildConfiguration;
			buildSettings = {
				ALWAYS_SEARCH_USER_PATHS = NO;
				CLANG_CXX_LANGUAGE_STANDARD = "gnu++0x";
				CLANG_CXX_LIBRARY = "libc++";
				CLANG_ENABLE_MODULES = YES;
				CLANG_ENABLE_OBJC_ARC = YES;
				CLANG_WARN_BOOL_CONVERSION = YES;
				CLANG_WARN_CONSTANT_CONVERSION = YES;
				CLANG_WARN_DIRECT_OBJC_ISA_USAGE = YES_ERROR;
				CLANG_WARN_EMPTY_BODY = YES;
				CLANG_WARN_ENUM_CONVERSION = YES;
				CLANG_WARN_INT_CONVERSION = YES;
				CLANG_WARN_OBJC_ROOT_CLASS = YES_ERROR;
				CLANG_WARN_UNREACHABLE_CODE = YES;
				CLANG_WARN__DUPLICATE_METHOD_MATCH = YES;
				"CODE_SIGN_IDENTITY[sdk=iphoneos*]" = "iPhone Developer";
				COPY_PHASE_STRIP = NO;
				DEBUG_INFORMATION_FORMAT = dwarf;
				ENABLE_STRICT_OBJC_MSGSEND = YES;
				ENABLE_TESTABILITY = YES;
				GCC_C_LANGUAGE_STANDARD = gnu99;
				GCC_DYNAMIC_NO_PIC = NO;
				GCC_NO_COMMON_BLOCKS = YES;
				GCC_OPTIMIZATION_LEVEL = 0;
				GCC_PREPROCESSOR_DEFINITIONS = (
					"DEBUG=1",
					"$(inherited)",
				);
				GCC_WARN_64_TO_32_BIT_CONVERSION = YES;
				GCC_WARN_ABOUT_RETURN_TYPE = YES_ERROR;
				GCC_WARN_UNDECLARED_SELECTOR = YES;
				GCC_WARN_UNINITIALIZED_AUTOS = YES_AGGRESSIVE;
				GCC_WARN_UNUSED_FUNCTION = YES;
				GCC_WARN_UNUSED_VARIABLE = YES;
				IPHONEOS_DEPLOYMENT_TARGET = 9.2;
				MTL_ENABLE_DEBUG_INFO = YES;
				ONLY_ACTIVE_ARCH = YES;
				SDKROOT = iphoneos;
			};
			name = Debug;
		};
		C2D987101CF3BC3F00A7CBAA /* Release */ = {
			isa = XCBuildConfiguration;
			buildSettings = {
				ALWAYS_SEARCH_USER_PATHS = NO;
				CLANG_CXX_LANGUAGE_STANDARD = "gnu++0x";
				CLANG_CXX_LIBRARY = "libc++";
				CLANG_ENABLE_MODULES = YES;
				CLANG_ENABLE_OBJC_ARC = YES;
				CLANG_WARN_BOOL_CONVERSION = YES;
				CLANG_WARN_CONSTANT_CONVERSION = YES;
				CLANG_WARN_DIRECT_OBJC_ISA_USAGE = YES_ERROR;
				CLANG_WARN_EMPTY_BODY = YES;
				CLANG_WARN_ENUM_CONVERSION = YES;
				CLANG_WARN_INT_CONVERSION = YES;
				CLANG_WARN_OBJC_ROOT_CLASS = YES_ERROR;
				CLANG_WARN_UNREACHABLE_CODE = YES;
				CLANG_WARN__DUPLICATE_METHOD_MATCH = YES;
				"CODE_SIGN_IDENTITY[sdk=iphoneos*]" = "iPhone Developer";
				COPY_PHASE_STRIP = NO;
				DEBUG_INFORMATION_FORMAT = "dwarf-with-dsym";
				ENABLE_NS_ASSERTIONS = NO;
				ENABLE_STRICT_OBJC_MSGSEND = YES;
				GCC_C_LANGUAGE_STANDARD = gnu99;
				GCC_NO_COMMON_BLOCKS = YES;
				GCC_WARN_64_TO_32_BIT_CONVERSION = YES;
				GCC_WARN_ABOUT_RETURN_TYPE = YES_ERROR;
				GCC_WARN_UNDECLARED_SELECTOR = YES;
				GCC_WARN_UNINITIALIZED_AUTOS = YES_AGGRESSIVE;
				GCC_WARN_UNUSED_FUNCTION = YES;
				GCC_WARN_UNUSED_VARIABLE = YES;
				IPHONEOS_DEPLOYMENT_TARGET = 9.2;
				MTL_ENABLE_DEBUG_INFO = NO;
				SDKROOT = iphoneos;
				VALIDATE_PRODUCT = YES;
			};
			name = Release;
		};
		C2D987121CF3BC3F00A7CBAA /* Debug */ = {
			isa = XCBuildConfiguration;
			buildSettings = {
				ASSETCATALOG_COMPILER_APPICON_NAME = AppIcon;
				CODE_SIGN_IDENTITY = "iPhone Developer";
				INFOPLIST_FILE = ITSPopUpView/Info.plist;
				LD_RUNPATH_SEARCH_PATHS = "$(inherited) @executable_path/Frameworks";
				PRODUCT_BUNDLE_IDENTIFIER = design.semicolon.ITSAlertView;
				PRODUCT_NAME = ITSAlertView;
				TARGETED_DEVICE_FAMILY = "1,2";
			};
			name = Debug;
		};
		C2D987131CF3BC3F00A7CBAA /* Release */ = {
			isa = XCBuildConfiguration;
			buildSettings = {
				ASSETCATALOG_COMPILER_APPICON_NAME = AppIcon;
				CODE_SIGN_IDENTITY = "iPhone Developer";
				INFOPLIST_FILE = ITSPopUpView/Info.plist;
				LD_RUNPATH_SEARCH_PATHS = "$(inherited) @executable_path/Frameworks";
				PRODUCT_BUNDLE_IDENTIFIER = design.semicolon.ITSAlertView;
				PRODUCT_NAME = ITSAlertView;
				TARGETED_DEVICE_FAMILY = "1,2";
			};
			name = Release;
		};
/* End XCBuildConfiguration section */

/* Begin XCConfigurationList section */
		C2D986F51CF3BC3F00A7CBAA /* Build configuration list for PBXProject "ITSAlertView" */ = {
			isa = XCConfigurationList;
			buildConfigurations = (
				C2D9870F1CF3BC3F00A7CBAA /* Debug */,
				C2D987101CF3BC3F00A7CBAA /* Release */,
			);
			defaultConfigurationIsVisible = 0;
			defaultConfigurationName = Release;
		};
		C2D987111CF3BC3F00A7CBAA /* Build configuration list for PBXNativeTarget "ITSAlertView" */ = {
			isa = XCConfigurationList;
			buildConfigurations = (
				C2D987121CF3BC3F00A7CBAA /* Debug */,
				C2D987131CF3BC3F00A7CBAA /* Release */,
			);
			defaultConfigurationIsVisible = 0;
			defaultConfigurationName = Release;
		};
/* End XCConfigurationList section */
	};
	rootObject = C2D986F21CF3BC3F00A7CBAA /* Project object */;
}
